// !$*UTF8*$!
{
	archiveVersion = 1;
	classes = {
	};
	objectVersion = 77;
	objects = {

/* Begin PBXBuildFile section */
		2C1F204A2E27E7EC00F1EA96 /* SerenitySpaceUITestsLaunchTests.swift in Sources */ = {isa = PBXBuildFile; fileRef = 2C1F20492E27E7EC00F1EA96 /* SerenitySpaceUITestsLaunchTests.swift */; };
/* End PBXBuildFile section */

/* Begin PBXContainerItemProxy section */
		BD24BAF92E26AD9E007A27EB /* PBXContainerItemProxy */ = {
			isa = PBXContainerItemProxy;
			containerPortal = BD24BAE32E26AD9C007A27EB /* Project object */;
			proxyType = 1;
			remoteGlobalIDString = BD24BAEA2E26AD9C007A27EB;
			remoteInfo = SerenitySpace;
		};
		BD24BB032E26AD9E007A27EB /* PBXContainerItemProxy */ = {
			isa = PBXContainerItemProxy;
			containerPortal = BD24BAE32E26AD9C007A27EB /* Project object */;
			proxyType = 1;
			remoteGlobalIDString = BD24BAEA2E26AD9C007A27EB;
			remoteInfo = SerenitySpace;
		};
/* End PBXContainerItemProxy section */

/* Begin PBXFileReference section */
		2C1F20492E27E7EC00F1EA96 /* SerenitySpaceUITestsLaunchTests.swift */ = {isa = PBXFileReference; lastKnownFileType = sourcecode.swift; path = SerenitySpaceUITestsLaunchTests.swift; sourceTree = "<group>"; };
		BD24BAEB2E26AD9C007A27EB /* SerenitySpace.app */ = {isa = PBXFileReference; explicitFileType = wrapper.application; includeInIndex = 0; path = SerenitySpace.app; sourceTree = BUILT_PRODUCTS_DIR; };
		BD24BAF82E26AD9E007A27EB /* SerenitySpaceTests.xctest */ = {isa = PBXFileReference; explicitFileType = wrapper.cfbundle; includeInIndex = 0; path = SerenitySpaceTests.xctest; sourceTree = BUILT_PRODUCTS_DIR; };
		BD24BB022E26AD9E007A27EB /* SerenitySpaceUITests.xctest */ = {isa = PBXFileReference; explicitFileType = wrapper.cfbundle; includeInIndex = 0; path = SerenitySpaceUITests.xctest; sourceTree = BUILT_PRODUCTS_DIR; };
/* End PBXFileReference section */

/* Begin PBXFileSystemSynchronizedBuildFileExceptionSet section */
		2C1F20572E2826EE00F1EA96 /* Exceptions for "SerenitySpace" folder in "SerenitySpace" target */ = {
			isa = PBXFileSystemSynchronizedBuildFileExceptionSet;
			membershipExceptions = (
				SerenitySpaceTests/SerenitySpaceTests.swift,
			);
			target = BD24BAEA2E26AD9C007A27EB /* SerenitySpace */;
		};
		2C1F20582E2826EE00F1EA96 /* Exceptions for "SerenitySpace" folder in "SerenitySpaceTests" target */ = {
			isa = PBXFileSystemSynchronizedBuildFileExceptionSet;
			membershipExceptions = (
				SerenitySpaceTests/SerenitySpaceTests.swift,
			);
			target = BD24BAF72E26AD9E007A27EB /* SerenitySpaceTests */;
		};
/* End PBXFileSystemSynchronizedBuildFileExceptionSet section */

/* Begin PBXFileSystemSynchronizedRootGroup section */
		BD24BAED2E26AD9C007A27EB /* SerenitySpace */ = {
			isa = PBXFileSystemSynchronizedRootGroup;
			exceptions = (
				2C1F20572E2826EE00F1EA96 /* Exceptions for "SerenitySpace" folder in "SerenitySpace" target */,
				2C1F20582E2826EE00F1EA96 /* Exceptions for "SerenitySpace" folder in "SerenitySpaceTests" target */,
			);
			path = SerenitySpace;
			sourceTree = "<group>";
		};
		BD24BB052E26AD9E007A27EB /* SerenitySpaceUITests */ = {
			isa = PBXFileSystemSynchronizedRootGroup;
			path = SerenitySpaceUITests;
			sourceTree = "<group>";
		};
/* End PBXFileSystemSynchronizedRootGroup section */

/* Begin PBXFrameworksBuildPhase section */
		BD24BAE82E26AD9C007A27EB /* Frameworks */ = {
			isa = PBXFrameworksBuildPhase;
			buildActionMask = 2147483647;
			files = (
			);
			runOnlyForDeploymentPostprocessing = 0;
		};
		BD24BAF52E26AD9E007A27EB /* Frameworks */ = {
			isa = PBXFrameworksBuildPhase;
			buildActionMask = 2147483647;
			files = (
			);
			runOnlyForDeploymentPostprocessing = 0;
		};
		BD24BAFF2E26AD9E007A27EB /* Frameworks */ = {
			isa = PBXFrameworksBuildPhase;
			buildActionMask = 2147483647;
			files = (
			);
			runOnlyForDeploymentPostprocessing = 0;
		};
/* End PBXFrameworksBuildPhase section */

/* Begin PBXGroup section */
		BD24BAE22E26AD9C007A27EB = {
			isa = PBXGroup;
			children = (
				BD24BAED2E26AD9C007A27EB /* SerenitySpace */,
				BD24BB052E26AD9E007A27EB /* SerenitySpaceUITests */,
				2C1F20492E27E7EC00F1EA96 /* SerenitySpaceUITestsLaunchTests.swift */,
				BD24BAEC2E26AD9C007A27EB /* Products */,
			);
			sourceTree = "<group>";
		};
		BD24BAEC2E26AD9C007A27EB /* Products */ = {
			isa = PBXGroup;
			children = (
				BD24BAEB2E26AD9C007A27EB /* SerenitySpace.app */,
				BD24BAF82E26AD9E007A27EB /* SerenitySpaceTests.xctest */,
				BD24BB022E26AD9E007A27EB /* SerenitySpaceUITests.xctest */,
			);
			name = Products;
			sourceTree = "<group>";
		};
/* End PBXGroup section */

/* Begin PBXNativeTarget section */
		BD24BAEA2E26AD9C007A27EB /* SerenitySpace */ = {
			isa = PBXNativeTarget;
			buildConfigurationList = BD24BB0C2E26AD9E007A27EB /* Build configuration list for PBXNativeTarget "SerenitySpace" */;
			buildPhases = (
				BD24BAE72E26AD9C007A27EB /* Sources */,
				BD24BAE82E26AD9C007A27EB /* Frameworks */,
				BD24BAE92E26AD9C007A27EB /* Resources */,
			);
			buildRules = (
			);
			dependencies = (
			);
			fileSystemSynchronizedGroups = (
				BD24BAED2E26AD9C007A27EB /* SerenitySpace */,
			);
			name = SerenitySpace;
			packageProductDependencies = (
			);
			productName = SerenitySpace;
			productReference = BD24BAEB2E26AD9C007A27EB /* SerenitySpace.app */;
			productType = "com.apple.product-type.application";
		};
		BD24BAF72E26AD9E007A27EB /* SerenitySpaceTests */ = {
			isa = PBXNativeTarget;
			buildConfigurationList = BD24BB0F2E26AD9E007A27EB /* Build configuration list for PBXNativeTarget "SerenitySpaceTests" */;
			buildPhases = (
				BD24BAF42E26AD9E007A27EB /* Sources */,
				BD24BAF52E26AD9E007A27EB /* Frameworks */,
				BD24BAF62E26AD9E007A27EB /* Resources */,
			);
			buildRules = (
			);
			dependencies = (
				BD24BAFA2E26AD9E007A27EB /* PBXTargetDependency */,
			);
			name = SerenitySpaceTests;
			packageProductDependencies = (
			);
			productName = SerenitySpaceTests;
			productReference = BD24BAF82E26AD9E007A27EB /* SerenitySpaceTests.xctest */;
			productType = "com.apple.product-type.bundle.unit-test";
		};
		BD24BB012E26AD9E007A27EB /* SerenitySpaceUITests */ = {
			isa = PBXNativeTarget;
			buildConfigurationList = BD24BB122E26AD9E007A27EB /* Build configuration list for PBXNativeTarget "SerenitySpaceUITests" */;
			buildPhases = (
				BD24BAFE2E26AD9E007A27EB /* Sources */,
				BD24BAFF2E26AD9E007A27EB /* Frameworks */,
				BD24BB002E26AD9E007A27EB /* Resources */,
			);
			buildRules = (
			);
			dependencies = (
				BD24BB042E26AD9E007A27EB /* PBXTargetDependency */,
			);
			fileSystemSynchronizedGroups = (
				BD24BB052E26AD9E007A27EB /* SerenitySpaceUITests */,
			);
			name = SerenitySpaceUITests;
			packageProductDependencies = (
			);
			productName = SerenitySpaceUITests;
			productReference = BD24BB022E26AD9E007A27EB /* SerenitySpaceUITests.xctest */;
			productType = "com.apple.product-type.bundle.ui-testing";
		};
/* End PBXNativeTarget section */

/* Begin PBXProject section */
		BD24BAE32E26AD9C007A27EB /* Project object */ = {
			isa = PBXProject;
			attributes = {
				BuildIndependentTargetsInParallel = 1;
				LastSwiftUpdateCheck = 1640;
				LastUpgradeCheck = 1640;
				TargetAttributes = {
					BD24BAEA2E26AD9C007A27EB = {
						CreatedOnToolsVersion = 16.4;
					};
					BD24BAF72E26AD9E007A27EB = {
						CreatedOnToolsVersion = 16.4;
						TestTargetID = BD24BAEA2E26AD9C007A27EB;
					};
					BD24BB012E26AD9E007A27EB = {
						CreatedOnToolsVersion = 16.4;
						TestTargetID = BD24BAEA2E26AD9C007A27EB;
					};
				};
			};
			buildConfigurationList = BD24BAE62E26AD9C007A27EB /* Build configuration list for PBXProject "SerenitySpace" */;
			developmentRegion = en;
			hasScannedForEncodings = 0;
			knownRegions = (
				en,
				Base,
			);
			mainGroup = BD24BAE22E26AD9C007A27EB;
			minimizedProjectReferenceProxies = 1;
			preferredProjectObjectVersion = 77;
			productRefGroup = BD24BAEC2E26AD9C007A27EB /* Products */;
			projectDirPath = "";
			projectRoot = "";
			targets = (
				BD24BAEA2E26AD9C007A27EB /* SerenitySpace */,
				BD24BAF72E26AD9E007A27EB /* SerenitySpaceTests */,
				BD24BB012E26AD9E007A27EB /* SerenitySpaceUITests */,
			);
		};
/* End PBXProject section */

/* Begin PBXResourcesBuildPhase section */
		BD24BAE92E26AD9C007A27EB /* Resources */ = {
			isa = PBXResourcesBuildPhase;
			buildActionMask = 2147483647;
			files = (
			);
			runOnlyForDeploymentPostprocessing = 0;
		};
		BD24BAF62E26AD9E007A27EB /* Resources */ = {
			isa = PBXResourcesBuildPhase;
			buildActionMask = 2147483647;
			files = (
			);
			runOnlyForDeploymentPostprocessing = 0;
		};
		BD24BB002E26AD9E007A27EB /* Resources */ = {
			isa = PBXResourcesBuildPhase;
			buildActionMask = 2147483647;
			files = (
			);
			runOnlyForDeploymentPostprocessing = 0;
		};
/* End PBXResourcesBuildPhase section */

/* Begin PBXSourcesBuildPhase section */
		BD24BAE72E26AD9C007A27EB /* Sources */ = {
			isa = PBXSourcesBuildPhase;
			buildActionMask = 2147483647;
			files = (
			);
			runOnlyForDeploymentPostprocessing = 0;
		};
		BD24BAF42E26AD9E007A27EB /* Sources */ = {
			isa = PBXSourcesBuildPhase;
			buildActionMask = 2147483647;
			files = (
			);
			runOnlyForDeploymentPostprocessing = 0;
		};
		BD24BAFE2E26AD9E007A27EB /* Sources */ = {
			isa = PBXSourcesBuildPhase;
			buildActionMask = 2147483647;
			files = (
				2C1F204A2E27E7EC00F1EA96 /* SerenitySpaceUITestsLaunchTests.swift in Sources */,
			);
			runOnlyForDeploymentPostprocessing = 0;
		};
/* End PBXSourcesBuildPhase section */

/* Begin PBXTargetDependency section */
		BD24BAFA2E26AD9E007A27EB /* PBXTargetDependency */ = {
			isa = PBXTargetDependency;
			target = BD24BAEA2E26AD9C007A27EB /* SerenitySpace */;
			targetProxy = BD24BAF92E26AD9E007A27EB /* PBXContainerItemProxy */;
		};
		BD24BB042E26AD9E007A27EB /* PBXTargetDependency */ = {
			isa = PBXTargetDependency;
			target = BD24BAEA2E26AD9C007A27EB /* SerenitySpace */;
			targetProxy = BD24BB032E26AD9E007A27EB /* PBXContainerItemProxy */;
		};
/* End PBXTargetDependency section */

/* Begin XCBuildConfiguration section */
		BD24BB0A2E26AD9E007A27EB /* Debug */ = {
			isa = XCBuildConfiguration;
			buildSettings = {
				ALWAYS_SEARCH_USER_PATHS = NO;
				ASSETCATALOG_COMPILER_GENERATE_SWIFT_ASSET_SYMBOL_EXTENSIONS = YES;
				CLANG_ANALYZER_NONNULL = YES;
				CLANG_ANALYZER_NUMBER_OBJECT_CONVERSION = YES_AGGRESSIVE;
				CLANG_CXX_LANGUAGE_STANDARD = "gnu++20";
				CLANG_ENABLE_MODULES = YES;
				CLANG_ENABLE_OBJC_ARC = YES;
				CLANG_ENABLE_OBJC_WEAK = YES;
				CLANG_WARN_BLOCK_CAPTURE_AUTORELEASING = YES;
				CLANG_WARN_BOOL_CONVERSION = YES;
				CLANG_WARN_COMMA = YES;
				CLANG_WARN_CONSTANT_CONVERSION = YES;
				CLANG_WARN_DEPRECATED_OBJC_IMPLEMENTATIONS = YES;
				CLANG_WARN_DIRECT_OBJC_ISA_USAGE = YES_ERROR;
				CLANG_WARN_DOCUMENTATION_COMMENTS = YES;
				CLANG_WARN_EMPTY_BODY = YES;
				CLANG_WARN_ENUM_CONVERSION = YES;
				CLANG_WARN_INFINITE_RECURSION = YES;
				CLANG_WARN_INT_CONVERSION = YES;
				CLANG_WARN_NON_LITERAL_NULL_CONVERSION = YES;
				CLANG_WARN_OBJC_IMPLICIT_RETAIN_SELF = YES;
				CLANG_WARN_OBJC_LITERAL_CONVERSION = YES;
				CLANG_WARN_OBJC_ROOT_CLASS = YES_ERROR;
				CLANG_WARN_QUOTED_INCLUDE_IN_FRAMEWORK_HEADER = YES;
				CLANG_WARN_RANGE_LOOP_ANALYSIS = YES;
				CLANG_WARN_STRICT_PROTOTYPES = YES;
				CLANG_WARN_SUSPICIOUS_MOVE = YES;
				CLANG_WARN_UNGUARDED_AVAILABILITY = YES_AGGRESSIVE;
				CLANG_WARN_UNREACHABLE_CODE = YES;
				CLANG_WARN__DUPLICATE_METHOD_MATCH = YES;
				COPY_PHASE_STRIP = NO;
				DEBUG_INFORMATION_FORMAT = dwarf;
				ENABLE_STRICT_OBJC_MSGSEND = YES;
				ENABLE_TESTABILITY = YES;
				ENABLE_USER_SCRIPT_SANDBOXING = YES;
				GCC_C_LANGUAGE_STANDARD = gnu17;
				GCC_DYNAMIC_NO_PIC = NO;
				GCC_NO_COMMON_BLOCKS = YES;
				GCC_OPTIMIZATION_LEVEL = 0;
				GCC_PREPROCESSOR_DEFINITIONS = (
					"DEBUG=1",
					"$(inherited)",
				);
				GCC_WARN_64_TO_32_BIT_CONVERSION = YES;
				GCC_WARN_ABOUT_RETURN_TYPE = YES_ERROR;
				GCC_WARN_UNDECLARED_SELECTOR = YES;
				GCC_WARN_UNINITIALIZED_AUTOS = YES_AGGRESSIVE;
				GCC_WARN_UNUSED_FUNCTION = YES;
				GCC_WARN_UNUSED_VARIABLE = YES;
				IPHONEOS_DEPLOYMENT_TARGET = 18.5;
				LOCALIZATION_PREFERS_STRING_CATALOGS = YES;
				MTL_ENABLE_DEBUG_INFO = INCLUDE_SOURCE;
				MTL_FAST_MATH = YES;
				ONLY_ACTIVE_ARCH = YES;
				SDKROOT = iphoneos;
				SWIFT_ACTIVE_COMPILATION_CONDITIONS = "DEBUG $(inherited)";
				SWIFT_OPTIMIZATION_LEVEL = "-Onone";
			};
			name = Debug;
		};
		BD24BB0B2E26AD9E007A27EB /* Release */ = {
			isa = XCBuildConfiguration;
			buildSettings = {
				ALWAYS_SEARCH_USER_PATHS = NO;
				ASSETCATALOG_COMPILER_GENERATE_SWIFT_ASSET_SYMBOL_EXTENSIONS = YES;
				CLANG_ANALYZER_NONNULL = YES;
				CLANG_ANALYZER_NUMBER_OBJECT_CONVERSION = YES_AGGRESSIVE;
				CLANG_CXX_LANGUAGE_STANDARD = "gnu++20";
				CLANG_ENABLE_MODULES = YES;
				CLANG_ENABLE_OBJC_ARC = YES;
				CLANG_ENABLE_OBJC_WEAK = YES;
				CLANG_WARN_BLOCK_CAPTURE_AUTORELEASING = YES;
				CLANG_WARN_BOOL_CONVERSION = YES;
				CLANG_WARN_COMMA = YES;
				CLANG_WARN_CONSTANT_CONVERSION = YES;
				CLANG_WARN_DEPRECATED_OBJC_IMPLEMENTATIONS = YES;
				CLANG_WARN_DIRECT_OBJC_ISA_USAGE = YES_ERROR;
				CLANG_WARN_DOCUMENTATION_COMMENTS = YES;
				CLANG_WARN_EMPTY_BODY = YES;
				CLANG_WARN_ENUM_CONVERSION = YES;
				CLANG_WARN_INFINITE_RECURSION = YES;
				CLANG_WARN_INT_CONVERSION = YES;
				CLANG_WARN_NON_LITERAL_NULL_CONVERSION = YES;
				CLANG_WARN_OBJC_IMPLICIT_RETAIN_SELF = YES;
				CLANG_WARN_OBJC_LITERAL_CONVERSION = YES;
				CLANG_WARN_OBJC_ROOT_CLASS = YES_ERROR;
				CLANG_WARN_QUOTED_INCLUDE_IN_FRAMEWORK_HEADER = YES;
				CLANG_WARN_RANGE_LOOP_ANALYSIS = YES;
				CLANG_WARN_STRICT_PROTOTYPES = YES;
				CLANG_WARN_SUSPICIOUS_MOVE = YES;
				CLANG_WARN_UNGUARDED_AVAILABILITY = YES_AGGRESSIVE;
				CLANG_WARN_UNREACHABLE_CODE = YES;
				CLANG_WARN__DUPLICATE_METHOD_MATCH = YES;
				COPY_PHASE_STRIP = NO;
				DEBUG_INFORMATION_FORMAT = "dwarf-with-dsym";
				ENABLE_NS_ASSERTIONS = NO;
				ENABLE_STRICT_OBJC_MSGSEND = YES;
				ENABLE_USER_SCRIPT_SANDBOXING = YES;
				GCC_C_LANGUAGE_STANDARD = gnu17;
				GCC_NO_COMMON_BLOCKS = YES;
				GCC_WARN_64_TO_32_BIT_CONVERSION = YES;
				GCC_WARN_ABOUT_RETURN_TYPE = YES_ERROR;
				GCC_WARN_UNDECLARED_SELECTOR = YES;
				GCC_WARN_UNINITIALIZED_AUTOS = YES_AGGRESSIVE;
				GCC_WARN_UNUSED_FUNCTION = YES;
				GCC_WARN_UNUSED_VARIABLE = YES;
				IPHONEOS_DEPLOYMENT_TARGET = 18.5;
				LOCALIZATION_PREFERS_STRING_CATALOGS = YES;
				MTL_ENABLE_DEBUG_INFO = NO;
				MTL_FAST_MATH = YES;
				SDKROOT = iphoneos;
				SWIFT_COMPILATION_MODE = wholemodule;
				VALIDATE_PRODUCT = YES;
			};
			name = Release;
		};
		BD24BB0D2E26AD9E007A27EB /* Debug */ = {
			isa = XCBuildConfiguration;
			buildSettings = {
				ASSETCATALOG_COMPILER_APPICON_NAME = AppIcon;
				ASSETCATALOG_COMPILER_GLOBAL_ACCENT_COLOR_NAME = AccentColor;
				CODE_SIGN_STYLE = Automatic;
				CURRENT_PROJECT_VERSION = 1;
				ENABLE_PREVIEWS = YES;
				GENERATE_INFOPLIST_FILE = YES;
				INFOPLIST_KEY_UIApplicationSceneManifest_Generation = YES;
				INFOPLIST_KEY_UIApplicationSupportsIndirectInputEvents = YES;
				INFOPLIST_KEY_UILaunchScreen_Generation = YES;
				INFOPLIST_KEY_UISupportedInterfaceOrientations_iPad = "UIInterfaceOrientationPortrait UIInterfaceOrientationPortraitUpsideDown UIInterfaceOrientationLandscapeLeft UIInterfaceOrientationLandscapeRight";
				INFOPLIST_KEY_UISupportedInterfaceOrientations_iPhone = "UIInterfaceOrientationPortrait UIInterfaceOrientationLandscapeLeft UIInterfaceOrientationLandscapeRight";
				LD_RUNPATH_SEARCH_PATHS = (
					"$(inherited)",
					"@executable_path/Frameworks",
				);
				MARKETING_VERSION = 1.0;
				PRODUCT_BUNDLE_IDENTIFIER = KWK.SerenitySpace;
				PRODUCT_NAME = "$(TARGET_NAME)";
				SWIFT_EMIT_LOC_STRINGS = YES;
				SWIFT_VERSION = 5.0;
				TARGETED_DEVICE_FAMILY = "1,2";
			};
			name = Debug;
		};
		BD24BB0E2E26AD9E007A27EB /* Release */ = {
			isa = XCBuildConfiguration;
			buildSettings = {
				ASSETCATALOG_COMPILER_APPICON_NAME = AppIcon;
				ASSETCATALOG_COMPILER_GLOBAL_ACCENT_COLOR_NAME = AccentColor;
				CODE_SIGN_STYLE = Automatic;
				CURRENT_PROJECT_VERSION = 1;
				ENABLE_PREVIEWS = YES;
				GENERATE_INFOPLIST_FILE = YES;
				INFOPLIST_KEY_UIApplicationSceneManifest_Generation = YES;
				INFOPLIST_KEY_UIApplicationSupportsIndirectInputEvents = YES;
				INFOPLIST_KEY_UILaunchScreen_Generation = YES;
				INFOPLIST_KEY_UISupportedInterfaceOrientations_iPad = "UIInterfaceOrientationPortrait UIInterfaceOrientationPortraitUpsideDown UIInterfaceOrientationLandscapeLeft UIInterfaceOrientationLandscapeRight";
				INFOPLIST_KEY_UISupportedInterfaceOrientations_iPhone = "UIInterfaceOrientationPortrait UIInterfaceOrientationLandscapeLeft UIInterfaceOrientationLandscapeRight";
				LD_RUNPATH_SEARCH_PATHS = (
					"$(inherited)",
					"@executable_path/Frameworks",
				);
				MARKETING_VERSION = 1.0;
				PRODUCT_BUNDLE_IDENTIFIER = KWK.SerenitySpace;
				PRODUCT_NAME = "$(TARGET_NAME)";
				SWIFT_EMIT_LOC_STRINGS = YES;
				SWIFT_VERSION = 5.0;
				TARGETED_DEVICE_FAMILY = "1,2";
			};
			name = Release;
		};
		BD24BB102E26AD9E007A27EB /* Debug */ = {
			isa = XCBuildConfiguration;
			buildSettings = {
				BUNDLE_LOADER = "$(TEST_HOST)";
				CODE_SIGN_STYLE = Automatic;
				CURRENT_PROJECT_VERSION = 1;
				GENERATE_INFOPLIST_FILE = YES;
				IPHONEOS_DEPLOYMENT_TARGET = 18.5;
				MARKETING_VERSION = 1.0;
				PRODUCT_BUNDLE_IDENTIFIER = KWK.SerenitySpaceTests;
				PRODUCT_NAME = "$(TARGET_NAME)";
				SWIFT_EMIT_LOC_STRINGS = NO;
				SWIFT_VERSION = 5.0;
				TARGETED_DEVICE_FAMILY = "1,2";
				TEST_HOST = "$(BUILT_PRODUCTS_DIR)/SerenitySpace.app/$(BUNDLE_EXECUTABLE_FOLDER_PATH)/SerenitySpace";
			};
			name = Debug;
		};
		BD24BB112E26AD9E007A27EB /* Release */ = {
			isa = XCBuildConfiguration;
			buildSettings = {
				BUNDLE_LOADER = "$(TEST_HOST)";
				CODE_SIGN_STYLE = Automatic;
				CURRENT_PROJECT_VERSION = 1;
				GENERATE_INFOPLIST_FILE = YES;
				IPHONEOS_DEPLOYMENT_TARGET = 18.5;
				MARKETING_VERSION = 1.0;
				PRODUCT_BUNDLE_IDENTIFIER = KWK.SerenitySpaceTests;
				PRODUCT_NAME = "$(TARGET_NAME)";
				SWIFT_EMIT_LOC_STRINGS = NO;
				SWIFT_VERSION = 5.0;
				TARGETED_DEVICE_FAMILY = "1,2";
				TEST_HOST = "$(BUILT_PRODUCTS_DIR)/SerenitySpace.app/$(BUNDLE_EXECUTABLE_FOLDER_PATH)/SerenitySpace";
			};
			name = Release;
		};
		BD24BB132E26AD9E007A27EB /* Debug */ = {
			isa = XCBuildConfiguration;
			buildSettings = {
				CODE_SIGN_STYLE = Automatic;
				CURRENT_PROJECT_VERSION = 1;
				GENERATE_INFOPLIST_FILE = YES;
				MARKETING_VERSION = 1.0;
				PRODUCT_BUNDLE_IDENTIFIER = KWK.SerenitySpaceUITests;
				PRODUCT_NAME = "$(TARGET_NAME)";
				SWIFT_EMIT_LOC_STRINGS = NO;
				SWIFT_VERSION = 5.0;
				TARGETED_DEVICE_FAMILY = "1,2";
				TEST_TARGET_NAME = SerenitySpace;
			};
			name = Debug;
		};
		BD24BB142E26AD9E007A27EB /* Release */ = {
			isa = XCBuildConfiguration;
			buildSettings = {
				CODE_SIGN_STYLE = Automatic;
				CURRENT_PROJECT_VERSION = 1;
				GENERATE_INFOPLIST_FILE = YES;
				MARKETING_VERSION = 1.0;
				PRODUCT_BUNDLE_IDENTIFIER = KWK.SerenitySpaceUITests;
				PRODUCT_NAME = "$(TARGET_NAME)";
				SWIFT_EMIT_LOC_STRINGS = NO;
				SWIFT_VERSION = 5.0;
				TARGETED_DEVICE_FAMILY = "1,2";
				TEST_TARGET_NAME = SerenitySpace;
			};
			name = Release;
		};
/* End XCBuildConfiguration section */

/* Begin XCConfigurationList section */
		BD24BAE62E26AD9C007A27EB /* Build configuration list for PBXProject "SerenitySpace" */ = {
			isa = XCConfigurationList;
			buildConfigurations = (
				BD24BB0A2E26AD9E007A27EB /* Debug */,
				BD24BB0B2E26AD9E007A27EB /* Release */,
			);
			defaultConfigurationIsVisible = 0;
			defaultConfigurationName = Release;
		};
		BD24BB0C2E26AD9E007A27EB /* Build configuration list for PBXNativeTarget "SerenitySpace" */ = {
			isa = XCConfigurationList;
			buildConfigurations = (
				BD24BB0D2E26AD9E007A27EB /* Debug */,
				BD24BB0E2E26AD9E007A27EB /* Release */,
			);
			defaultConfigurationIsVisible = 0;
			defaultConfigurationName = Release;
		};
		BD24BB0F2E26AD9E007A27EB /* Build configuration list for PBXNativeTarget "SerenitySpaceTests" */ = {
			isa = XCConfigurationList;
			buildConfigurations = (
				BD24BB102E26AD9E007A27EB /* Debug */,
				BD24BB112E26AD9E007A27EB /* Release */,
			);
			defaultConfigurationIsVisible = 0;
			defaultConfigurationName = Release;
		};
		BD24BB122E26AD9E007A27EB /* Build configuration list for PBXNativeTarget "SerenitySpaceUITests" */ = {
			isa = XCConfigurationList;
			buildConfigurations = (
				BD24BB132E26AD9E007A27EB /* Debug */,
				BD24BB142E26AD9E007A27EB /* Release */,
			);
			defaultConfigurationIsVisible = 0;
			defaultConfigurationName = Release;
		};
/* End XCConfigurationList section */
	};
	rootObject = BD24BAE32E26AD9C007A27EB /* Project object */;
}
